
Microsoft Visual Studio Solution File, Format Version 12.00
# Visual Studio Version 17
VisualStudioVersion = 17.14.36518.9 d17.14
MinimumVisualStudioVersion = 10.0.40219.1
Project("{FAE04EC0-301F-11D3-BF4B-00C04F79EFBC}") = "FoodDelivery.WebApi", "FoodDelivery.WebApi\FoodDelivery.WebApi.csproj", "{B34D5522-B9F6-477D-8D24-57B49E455E0E}"
EndProject
Project("{FAE04EC0-301F-11D3-BF4B-00C04F79EFBC}") = "FoodDelivery.BusinessLogic", "..\FoodDelivery.BusinessLogic\FoodDelivery.BusinessLogic.csproj", "{1C5639FE-FF56-41FD-9E31-E1B4291E1E06}"
EndProject
Project("{FAE04EC0-301F-11D3-BF4B-00C04F79EFBC}") = "FoodDelivery.DataAccess", "..\FoodDelivery.DataAccess\FoodDelivery.DataAccess.csproj", "{2F200417-6C4D-4776-82CD-6C969C95781D}"
EndProject
Global
	GlobalSection(SolutionConfigurationPlatforms) = preSolution
		Debug|Any CPU = Debug|Any CPU
		Release|Any CPU = Release|Any CPU
	EndGlobalSection
	GlobalSection(ProjectConfigurationPlatforms) = postSolution
		{B34D5522-B9F6-477D-8D24-57B49E455E0E}.Debug|Any CPU.ActiveCfg = Debug|Any CPU
		{B34D5522-B9F6-477D-8D24-57B49E455E0E}.Debug|Any CPU.Build.0 = Debug|Any CPU
		{B34D5522-B9F6-477D-8D24-57B49E455E0E}.Release|Any CPU.ActiveCfg = Release|Any CPU
		{B34D5522-B9F6-477D-8D24-57B49E455E0E}.Release|Any CPU.Build.0 = Release|Any CPU
		{1C5639FE-FF56-41FD-9E31-E1B4291E1E06}.Debug|Any CPU.ActiveCfg = Debug|Any CPU
		{1C5639FE-FF56-41FD-9E31-E1B4291E1E06}.Debug|Any CPU.Build.0 = Debug|Any CPU
		{1C5639FE-FF56-41FD-9E31-E1B4291E1E06}.Release|Any CPU.ActiveCfg = Release|Any CPU
		{1C5639FE-FF56-41FD-9E31-E1B4291E1E06}.Release|Any CPU.Build.0 = Release|Any CPU
		{2F200417-6C4D-4776-82CD-6C969C95781D}.Debug|Any CPU.ActiveCfg = Debug|Any CPU
		{2F200417-6C4D-4776-82CD-6C969C95781D}.Debug|Any CPU.Build.0 = Debug|Any CPU
		{2F200417-6C4D-4776-82CD-6C969C95781D}.Release|Any CPU.ActiveCfg = Release|Any CPU
		{2F200417-6C4D-4776-82CD-6C969C95781D}.Release|Any CPU.Build.0 = Release|Any CPU
	EndGlobalSection
	GlobalSection(SolutionProperties) = preSolution
		HideSolutionNode = FALSE
	EndGlobalSection
	GlobalSection(ExtensibilityGlobals) = postSolution
		SolutionGuid = {E64DDE11-C27A-4E8C-96B6-EABC0BE396F4}
	EndGlobalSection
EndGlobal
